
Microsoft Visual Studio Solution File, Format Version 12.00
Project("{FAE04EC0-301F-11D3-BF4B-00C04F79EFBC}") = "Enjin.Platform.Sdk", "Enjin.Platform.Sdk\Enjin.Platform.Sdk.csproj", "{805DB569-9034-47AB-B14B-3E9352710F46}"
EndProject
Project("{FAE04EC0-301F-11D3-BF4B-00C04F79EFBC}") = "Enjin.Platform.Sdk.Tests", "Enjin.Platform.Sdk.Tests\Enjin.Platform.Sdk.Tests.csproj", "{18F92E60-9525-4054-8502-2BB9081F7892}"
EndProject
Global
	GlobalSection(SolutionConfigurationPlatforms) = preSolution
		Debug|Any CPU = Debug|Any CPU
		Release|Any CPU = Release|Any CPU
	EndGlobalSection
	GlobalSection(ProjectConfigurationPlatforms) = postSolution
		{805DB569-9034-47AB-B14B-3E9352710F46}.Debug|Any CPU.ActiveCfg = Debug|Any CPU
		{805DB569-9034-47AB-B14B-3E9352710F46}.Debug|Any CPU.Build.0 = Debug|Any CPU
		{805DB569-9034-47AB-B14B-3E9352710F46}.Release|Any CPU.ActiveCfg = Release|Any CPU
		{805DB569-9034-47AB-B14B-3E9352710F46}.Release|Any CPU.Build.0 = Release|Any CPU
		{18F92E60-9525-4054-8502-2BB9081F7892}.Debug|Any CPU.ActiveCfg = Debug|Any CPU
		{18F92E60-9525-4054-8502-2BB9081F7892}.Debug|Any CPU.Build.0 = Debug|Any CPU
		{18F92E60-9525-4054-8502-2BB9081F7892}.Release|Any CPU.ActiveCfg = Release|Any CPU
		{18F92E60-9525-4054-8502-2BB9081F7892}.Release|Any CPU.Build.0 = Release|Any CPU
	EndGlobalSection
	GlobalSection(SolutionProperties) = preSolution
		HideSolutionNode = FALSE
	EndGlobalSection
EndGlobal
